
Microsoft Visual Studio Solution File, Format Version 12.00
Project("{FAE04EC0-301F-11D3-BF4B-00C04F79EFBC}") = "BigData.Labs.Lab3", "BigData.Labs.Lab3\BigData.Labs.Lab3.csproj", "{44D6E30E-310F-412A-9142-44656796EA26}"
EndProject
Project("{FAE04EC0-301F-11D3-BF4B-00C04F79EFBC}") = "BigData.Labs.Models", "BigData.Labs.Models\BigData.Labs.Models.csproj", "{C688A006-8A98-4AED-9A04-3EDA28D027AF}"
EndProject
Project("{FAE04EC0-301F-11D3-BF4B-00C04F79EFBC}") = "BigData.Labs.Utils", "BigData.Labs.Utils\BigData.Labs.Utils.csproj", "{4442BA09-38E7-47D8-972C-6FCD3E195891}"
EndProject
Project("{FAE04EC0-301F-11D3-BF4B-00C04F79EFBC}") = "BigData.Labs.Lab6", "BigData.Labs.Lab6\BigData.Labs.Lab6.csproj", "{F9CE7122-97B9-44EF-8935-82ECDD31EED5}"
EndProject
Project("{FAE04EC0-301F-11D3-BF4B-00C04F79EFBC}") = "BigData.Labs.Lab7", "BigData.Labs.Lab7\BigData.Labs.Lab7.csproj", "{7F986076-1480-4F04-97B0-A7FFB3063B04}"
EndProject
Global
	GlobalSection(SolutionConfigurationPlatforms) = preSolution
		Debug|Any CPU = Debug|Any CPU
		Release|Any CPU = Release|Any CPU
	EndGlobalSection
	GlobalSection(ProjectConfigurationPlatforms) = postSolution
		{44D6E30E-310F-412A-9142-44656796EA26}.Debug|Any CPU.ActiveCfg = Debug|Any CPU
		{44D6E30E-310F-412A-9142-44656796EA26}.Debug|Any CPU.Build.0 = Debug|Any CPU
		{44D6E30E-310F-412A-9142-44656796EA26}.Release|Any CPU.ActiveCfg = Release|Any CPU
		{44D6E30E-310F-412A-9142-44656796EA26}.Release|Any CPU.Build.0 = Release|Any CPU
		{C688A006-8A98-4AED-9A04-3EDA28D027AF}.Debug|Any CPU.ActiveCfg = Debug|Any CPU
		{C688A006-8A98-4AED-9A04-3EDA28D027AF}.Debug|Any CPU.Build.0 = Debug|Any CPU
		{C688A006-8A98-4AED-9A04-3EDA28D027AF}.Release|Any CPU.ActiveCfg = Release|Any CPU
		{C688A006-8A98-4AED-9A04-3EDA28D027AF}.Release|Any CPU.Build.0 = Release|Any CPU
		{4442BA09-38E7-47D8-972C-6FCD3E195891}.Debug|Any CPU.ActiveCfg = Debug|Any CPU
		{4442BA09-38E7-47D8-972C-6FCD3E195891}.Debug|Any CPU.Build.0 = Debug|Any CPU
		{4442BA09-38E7-47D8-972C-6FCD3E195891}.Release|Any CPU.ActiveCfg = Release|Any CPU
		{4442BA09-38E7-47D8-972C-6FCD3E195891}.Release|Any CPU.Build.0 = Release|Any CPU
		{F9CE7122-97B9-44EF-8935-82ECDD31EED5}.Debug|Any CPU.ActiveCfg = Debug|Any CPU
		{F9CE7122-97B9-44EF-8935-82ECDD31EED5}.Debug|Any CPU.Build.0 = Debug|Any CPU
		{F9CE7122-97B9-44EF-8935-82ECDD31EED5}.Release|Any CPU.ActiveCfg = Release|Any CPU
		{F9CE7122-97B9-44EF-8935-82ECDD31EED5}.Release|Any CPU.Build.0 = Release|Any CPU
		{7F986076-1480-4F04-97B0-A7FFB3063B04}.Debug|Any CPU.ActiveCfg = Debug|Any CPU
		{7F986076-1480-4F04-97B0-A7FFB3063B04}.Debug|Any CPU.Build.0 = Debug|Any CPU
		{7F986076-1480-4F04-97B0-A7FFB3063B04}.Release|Any CPU.ActiveCfg = Release|Any CPU
		{7F986076-1480-4F04-97B0-A7FFB3063B04}.Release|Any CPU.Build.0 = Release|Any CPU
	EndGlobalSection
EndGlobal
